<?xml version="1.0" encoding="utf-8"?>
<Project ToolsVersion="4.0" xmlns="http://schemas.microsoft.com/developer/msbuild/2003">
  <ItemGroup>
    <Filter Include="exports">
      <UniqueIdentifier>{cc0a01c1-e1e7-4af8-9656-fa9463140613}</UniqueIdentifier>
    </Filter>
    <Filter Include="platform">
      <UniqueIdentifier>{f08c0a80-22d9-4bdd-90de-b9cf5fa88f99}</UniqueIdentifier>
    </Filter>
  </ItemGroup>
  <ItemGroup>
    <ClInclude Include="..\include\cec.h">
      <Filter>exports</Filter>
    </ClInclude>
    <ClInclude Include="..\include\cecloader.h">
      <Filter>exports</Filter>
    </ClInclude>
    <ClInclude Include="..\src\lib\platform\threads\mutex.h">
      <Filter>platform</Filter>
    </ClInclude>
  </ItemGroup>
  <ItemGroup>
    <ClCompile Include="..\src\cec-config\cec-config.cpp" />
    <ClCompile Include="..\src\lib\platform\windows\os-threads.cpp">
      <Filter>platform</Filter>
    </ClCompile>
  </ItemGroup>
  <ItemGroup>
    <ResourceCompile Include="cec-config.rc" />
  </ItemGroup>
</Project>