
Microsoft Visual Studio Solution File, Format Version 11.00
# Visual C++ Express 2010
Project("{8BC9CEB8-8B4A-11D0-8D11-00A0C91BC942}") = "libcec", "libcec.vcxproj", "{C04B0FB1-667D-4F1C-BDAE-A07CDFFAAAA0}"
EndProject
Project("{8BC9CEB8-8B4A-11D0-8D11-00A0C91BC942}") = "testclient", "testclient.vcxproj", "{F01222BF-6B3D-43BD-B254-434031CB9887}"
	ProjectSection(ProjectDependencies) = postProject
		{C04B0FB1-667D-4F1C-BDAE-A07CDFFAAAA0} = {C04B0FB1-667D-4F1C-BDAE-A07CDFFAAAA0}
	EndProjectSection
EndProject
Global
	GlobalSection(SolutionConfigurationPlatforms) = preSolution
		Debug|Win32 = Debug|Win32
		Debug|x64 = Debug|x64
		Release|Win32 = Release|Win32
		Release|x64 = Release|x64
	EndGlobalSection
	GlobalSection(ProjectConfigurationPlatforms) = postSolution
		{C04B0FB1-667D-4F1C-BDAE-A07CDFFAAAA0}.Debug|Win32.ActiveCfg = Debug|Win32
		{C04B0FB1-667D-4F1C-BDAE-A07CDFFAAAA0}.Debug|Win32.Build.0 = Debug|Win32
		{C04B0FB1-667D-4F1C-BDAE-A07CDFFAAAA0}.Debug|x64.ActiveCfg = Debug|x64
		{C04B0FB1-667D-4F1C-BDAE-A07CDFFAAAA0}.Debug|x64.Build.0 = Debug|x64
		{C04B0FB1-667D-4F1C-BDAE-A07CDFFAAAA0}.Release|Win32.ActiveCfg = Release|Win32
		{C04B0FB1-667D-4F1C-BDAE-A07CDFFAAAA0}.Release|Win32.Build.0 = Release|Win32
		{C04B0FB1-667D-4F1C-BDAE-A07CDFFAAAA0}.Release|x64.ActiveCfg = Release|x64
		{C04B0FB1-667D-4F1C-BDAE-A07CDFFAAAA0}.Release|x64.Build.0 = Release|x64
		{F01222BF-6B3D-43BD-B254-434031CB9887}.Debug|Win32.ActiveCfg = Debug|Win32
		{F01222BF-6B3D-43BD-B254-434031CB9887}.Debug|Win32.Build.0 = Debug|Win32
		{F01222BF-6B3D-43BD-B254-434031CB9887}.Debug|x64.ActiveCfg = Debug|x64
		{F01222BF-6B3D-43BD-B254-434031CB9887}.Debug|x64.Build.0 = Debug|x64
		{F01222BF-6B3D-43BD-B254-434031CB9887}.Release|Win32.ActiveCfg = Release|Win32
		{F01222BF-6B3D-43BD-B254-434031CB9887}.Release|Win32.Build.0 = Release|Win32
		{F01222BF-6B3D-43BD-B254-434031CB9887}.Release|x64.ActiveCfg = Release|x64
		{F01222BF-6B3D-43BD-B254-434031CB9887}.Release|x64.Build.0 = Release|x64
	EndGlobalSection
	GlobalSection(SolutionProperties) = preSolution
		HideSolutionNode = FALSE
	EndGlobalSection
EndGlobal
