<?xml version="1.0" encoding="utf-8"?>
<Project ToolsVersion="4.0" xmlns="http://schemas.microsoft.com/developer/msbuild/2003">
  <ItemGroup>
    <Filter Include="exports">
      <UniqueIdentifier>{cc0a01c1-e1e7-4af8-9656-fa9463140613}</UniqueIdentifier>
    </Filter>
    <Filter Include="platform">
      <UniqueIdentifier>{f08c0a80-22d9-4bdd-90de-b9cf5fa88f99}</UniqueIdentifier>
    </Filter>
    <Filter Include="platform\threads">
      <UniqueIdentifier>{fb28e188-b2a5-48d3-9010-b56024b19850}</UniqueIdentifier>
    </Filter>
    <Filter Include="platform\windows">
      <UniqueIdentifier>{a8b22b54-3252-44fb-a499-e42f9bac0e15}</UniqueIdentifier>
    </Filter>
  </ItemGroup>
  <ItemGroup>
    <ClInclude Include="..\include\cec.h">
      <Filter>exports</Filter>
    </ClInclude>
    <ClInclude Include="..\include\cecloader.h">
      <Filter>exports</Filter>
    </ClInclude>
    <ClInclude Include="..\src\lib\platform\os.h">
      <Filter>platform</Filter>
    </ClInclude>
    <ClInclude Include="..\src\lib\platform\timeutils.h">
      <Filter>platform</Filter>
    </ClInclude>
    <ClInclude Include="..\src\lib\platform\windows\dlfcn-win32.h">
      <Filter>platform\windows</Filter>
    </ClInclude>
    <ClInclude Include="..\src\lib\platform\windows\os-threads.h">
      <Filter>platform\windows</Filter>
    </ClInclude>
    <ClInclude Include="..\src\lib\platform\windows\os-types.h">
      <Filter>platform\windows</Filter>
    </ClInclude>
    <ClInclude Include="..\src\lib\platform\threads\mutex.h">
      <Filter>platform\threads</Filter>
    </ClInclude>
    <ClInclude Include="..\src\lib\platform\threads\threads.h">
      <Filter>platform\threads</Filter>
    </ClInclude>
  </ItemGroup>
  <ItemGroup>
    <ClCompile Include="..\src\testclient\main.cpp" />
    <ClCompile Include="..\src\lib\platform\windows\dlfcn-win32.cpp">
      <Filter>platform\windows</Filter>
    </ClCompile>
  </ItemGroup>
  <ItemGroup>
    <ResourceCompile Include="testclient.rc" />
  </ItemGroup>
</Project>